
Microsoft Visual Studio Solution File, Format Version 12.00
# Visual Studio Version 16
VisualStudioVersion = 16.0.31205.134
MinimumVisualStudioVersion = 10.0.40219.1
Project("{9A19103F-16F7-4668-BE54-9A1E7A4F7556}") = "DiabetesTrackingServer", "DiabetesTrackingServer\DiabetesTrackingServer.csproj", "{DA4EFC89-0FD9-456E-B282-9C7918DAD0EC}"
EndProject
Global
	GlobalSection(SolutionConfigurationPlatforms) = preSolution
		Debug|Any CPU = Debug|Any CPU
		Release|Any CPU = Release|Any CPU
	EndGlobalSection
	GlobalSection(ProjectConfigurationPlatforms) = postSolution
		{DA4EFC89-0FD9-456E-B282-9C7918DAD0EC}.Debug|Any CPU.ActiveCfg = Debug|Any CPU
		{DA4EFC89-0FD9-456E-B282-9C7918DAD0EC}.Debug|Any CPU.Build.0 = Debug|Any CPU
		{DA4EFC89-0FD9-456E-B282-9C7918DAD0EC}.Release|Any CPU.ActiveCfg = Release|Any CPU
		{DA4EFC89-0FD9-456E-B282-9C7918DAD0EC}.Release|Any CPU.Build.0 = Release|Any CPU
	EndGlobalSection
	GlobalSection(SolutionProperties) = preSolution
		HideSolutionNode = FALSE
	EndGlobalSection
	GlobalSection(ExtensibilityGlobals) = postSolution
		SolutionGuid = {4EA67936-0E7F-4B16-AEFF-2A203B5B69B4}
	EndGlobalSection
EndGlobal
